
Microsoft Visual Studio Solution File, Format Version 12.00
# Visual Studio Version 17
VisualStudioVersion = 17.5.33516.290
MinimumVisualStudioVersion = 10.0.40219.1
Project("{FAE04EC0-301F-11D3-BF4B-00C04F79EFBC}") = "WebPPA", "WebPPA\WebPPA.csproj", "{7AF069D1-5527-4ECF-BAB5-EA405B76FFDF}"
EndProject
Project("{FAE04EC0-301F-11D3-BF4B-00C04F79EFBC}") = "WebApi", "WebApi\WebApi.csproj", "{5D3700CE-FA13-42C3-8C03-4A3173EAE3A4}"
EndProject
Global
	GlobalSection(SolutionConfigurationPlatforms) = preSolution
		Debug|Any CPU = Debug|Any CPU
		Release|Any CPU = Release|Any CPU
	EndGlobalSection
	GlobalSection(ProjectConfigurationPlatforms) = postSolution
		{7AF069D1-5527-4ECF-BAB5-EA405B76FFDF}.Debug|Any CPU.ActiveCfg = Debug|Any CPU
		{7AF069D1-5527-4ECF-BAB5-EA405B76FFDF}.Debug|Any CPU.Build.0 = Debug|Any CPU
		{7AF069D1-5527-4ECF-BAB5-EA405B76FFDF}.Release|Any CPU.ActiveCfg = Release|Any CPU
		{7AF069D1-5527-4ECF-BAB5-EA405B76FFDF}.Release|Any CPU.Build.0 = Release|Any CPU
		{5D3700CE-FA13-42C3-8C03-4A3173EAE3A4}.Debug|Any CPU.ActiveCfg = Debug|Any CPU
		{5D3700CE-FA13-42C3-8C03-4A3173EAE3A4}.Debug|Any CPU.Build.0 = Debug|Any CPU
		{5D3700CE-FA13-42C3-8C03-4A3173EAE3A4}.Release|Any CPU.ActiveCfg = Release|Any CPU
		{5D3700CE-FA13-42C3-8C03-4A3173EAE3A4}.Release|Any CPU.Build.0 = Release|Any CPU
	EndGlobalSection
	GlobalSection(SolutionProperties) = preSolution
		HideSolutionNode = FALSE
	EndGlobalSection
	GlobalSection(ExtensibilityGlobals) = postSolution
		SolutionGuid = {F81C9D01-73B0-4B0F-ACAD-B291702CBEBA}
	EndGlobalSection
EndGlobal
